
Microsoft Visual Studio Solution File, Format Version 12.00
# Visual Studio Version 17
VisualStudioVersion = 17.4.33205.214
MinimumVisualStudioVersion = 10.0.40219.1
Project("{FAE04EC0-301F-11D3-BF4B-00C04F79EFBC}") = "HibaJelentes", "HibaJelentes.csproj", "{58565EDF-CED1-4690-9A71-A48317B6EA3D}"
EndProject
Global
	GlobalSection(SolutionConfigurationPlatforms) = preSolution
		Debug|Any CPU = Debug|Any CPU
		Release|Any CPU = Release|Any CPU
	EndGlobalSection
	GlobalSection(ProjectConfigurationPlatforms) = postSolution
		{58565EDF-CED1-4690-9A71-A48317B6EA3D}.Debug|Any CPU.ActiveCfg = Debug|Any CPU
		{58565EDF-CED1-4690-9A71-A48317B6EA3D}.Debug|Any CPU.Build.0 = Debug|Any CPU
		{58565EDF-CED1-4690-9A71-A48317B6EA3D}.Release|Any CPU.ActiveCfg = Release|Any CPU
		{58565EDF-CED1-4690-9A71-A48317B6EA3D}.Release|Any CPU.Build.0 = Release|Any CPU
	EndGlobalSection
	GlobalSection(SolutionProperties) = preSolution
		HideSolutionNode = FALSE
	EndGlobalSection
	GlobalSection(ExtensibilityGlobals) = postSolution
		SolutionGuid = {78911ABD-A918-4EE9-9BFB-3305C9B339BA}
	EndGlobalSection
EndGlobal
